# @generated - this file is auto-generated by `mise lock` https://mise.jdx.dev/dev-tools/mise-lock.html

lockfile_version = 1

[[tools.caddy]]
version = "2.11.4"
backend = "aqua:caddyserver/caddy"
specifiers = ["latest"]

[tools.caddy."platforms.linux-arm64"]
checksum = "sha256:52d42ae12b3462097e9868da6dfed3c9648ae12edd3b3638102312af84cb6904"
url = "https://github.com/caddyserver/caddy/releases/download/v2.11.4/caddy_2.11.4_linux_arm64.tar.gz"
url_api = "https://api.github.com/repos/caddyserver/caddy/releases/assets/436912318"

[tools.caddy."platforms.linux-arm64-musl"]
checksum = "sha256:52d42ae12b3462097e9868da6dfed3c9648ae12edd3b3638102312af84cb6904"
url = "https://github.com/caddyserver/caddy/releases/download/v2.11.4/caddy_2.11.4_linux_arm64.tar.gz"
url_api = "https://api.github.com/repos/caddyserver/caddy/releases/assets/436912318"

[tools.caddy."platforms.linux-x64"]
checksum = "sha256:527fbf917c39189a1e3b31d34fa955601680b2d5c8055d2a87b8b9588dec7bb9"
url = "https://github.com/caddyserver/caddy/releases/download/v2.11.4/caddy_2.11.4_linux_amd64.tar.gz"
url_api = "https://api.github.com/repos/caddyserver/caddy/releases/assets/436912315"

[tools.caddy."platforms.linux-x64-musl"]
checksum = "sha256:527fbf917c39189a1e3b31d34fa955601680b2d5c8055d2a87b8b9588dec7bb9"
url = "https://github.com/caddyserver/caddy/releases/download/v2.11.4/caddy_2.11.4_linux_amd64.tar.gz"
url_api = "https://api.github.com/repos/caddyserver/caddy/releases/assets/436912315"

[tools.caddy."platforms.macos-arm64"]
checksum = "sha256:9efb0af2d6cf09cfb5053c0e51721b9b3d4956d346234f39368d943d25a3c9a7"
url = "https://github.com/caddyserver/caddy/releases/download/v2.11.4/caddy_2.11.4_mac_arm64.tar.gz"
url_api = "https://api.github.com/repos/caddyserver/caddy/releases/assets/436912311"

[tools.caddy."platforms.macos-x64"]
checksum = "sha256:34bc9e5cceee8d67844ef51da624f5b79e8d070f27236e050c3f0066a2dba534"
url = "https://github.com/caddyserver/caddy/releases/download/v2.11.4/caddy_2.11.4_mac_amd64.tar.gz"
url_api = "https://api.github.com/repos/caddyserver/caddy/releases/assets/436912339"

[tools.caddy."platforms.windows-x64"]
checksum = "sha256:1708333f79e274c7697285afe6d592ab39314e0b131e9ec6bea08ad27df62ebf"
url = "https://github.com/caddyserver/caddy/releases/download/v2.11.4/caddy_2.11.4_windows_amd64.zip"
url_api = "https://api.github.com/repos/caddyserver/caddy/releases/assets/436912304"

[[tools.dprint]]
version = "0.57.4"
backend = "aqua:dprint/dprint"
specifiers = ["latest"]

[tools.dprint."platforms.linux-arm64"]
checksum = "sha256:ff961314e7c1ca6a02eaada0e37920a37c668fbc09fd85838c2aced41a4bc0e4"
url = "https://github.com/dprint/dprint/releases/download/0.57.4/dprint-aarch64-unknown-linux-gnu.zip"
url_api = "https://api.github.com/repos/dprint/dprint/releases/assets/546351169"

[tools.dprint."platforms.linux-arm64-musl"]
checksum = "sha256:e1b713806f7f7b94072ba2b069aa19ac28f475dbb1fbc5b672d3030a2ab001ee"
url = "https://github.com/dprint/dprint/releases/download/0.57.4/dprint-aarch64-unknown-linux-musl.zip"
url_api = "https://api.github.com/repos/dprint/dprint/releases/assets/546351166"

[tools.dprint."platforms.linux-x64"]
checksum = "sha256:1d26357d8bc66898d4ecc7dafca3d2971cfe222ba487228bd2ce5c3b3a309c33"
url = "https://github.com/dprint/dprint/releases/download/0.57.4/dprint-x86_64-unknown-linux-gnu.zip"
url_api = "https://api.github.com/repos/dprint/dprint/releases/assets/546351175"

[tools.dprint."platforms.linux-x64-musl"]
checksum = "sha256:03f3e8002f9d952bf53325fc8853686d2e8808b9e5b652b215600ba147e73a5c"
url = "https://github.com/dprint/dprint/releases/download/0.57.4/dprint-x86_64-unknown-linux-musl.zip"
url_api = "https://api.github.com/repos/dprint/dprint/releases/assets/546351170"

[tools.dprint."platforms.macos-arm64"]
checksum = "sha256:f9e752812791f258e89ff88a7affd05c793b0db3d929718651eae7df5f19eb2e"
url = "https://github.com/dprint/dprint/releases/download/0.57.4/dprint-aarch64-apple-darwin.zip"
url_api = "https://api.github.com/repos/dprint/dprint/releases/assets/546351171"

[tools.dprint."platforms.macos-x64"]
checksum = "sha256:8978bd5d9a564ec19472545fb853da9ec468e024e75d39c3a9df9fd5750ecdfd"
url = "https://github.com/dprint/dprint/releases/download/0.57.4/dprint-x86_64-apple-darwin.zip"
url_api = "https://api.github.com/repos/dprint/dprint/releases/assets/546351172"

[tools.dprint."platforms.windows-x64"]
checksum = "sha256:1038af32fade7a79f9c3a690d9546bb17be13dd7b4568a3684692fdcb0a52a1d"
url = "https://github.com/dprint/dprint/releases/download/0.57.4/dprint-x86_64-pc-windows-msvc.zip"
url_api = "https://api.github.com/repos/dprint/dprint/releases/assets/546351162"

[[tools.elixir]]
version = "1.20.4-otp-29"
backend = "core:elixir"
specifiers = ["1.20.4-otp-29"]

[tools.elixir."platforms.linux-arm64"]
checksum = "sha256:7863c546cda13fecc949e562e326042451dacf8fd8698a36783cb71eeb223b46"
url = "https://builds.hex.pm/builds/elixir/v1.20.4-otp-29.zip"

[tools.elixir."platforms.linux-arm64-musl"]
checksum = "sha256:7863c546cda13fecc949e562e326042451dacf8fd8698a36783cb71eeb223b46"
url = "https://builds.hex.pm/builds/elixir/v1.20.4-otp-29.zip"

[tools.elixir."platforms.linux-x64"]
checksum = "sha256:7863c546cda13fecc949e562e326042451dacf8fd8698a36783cb71eeb223b46"
url = "https://builds.hex.pm/builds/elixir/v1.20.4-otp-29.zip"

[tools.elixir."platforms.linux-x64-musl"]
checksum = "sha256:7863c546cda13fecc949e562e326042451dacf8fd8698a36783cb71eeb223b46"
url = "https://builds.hex.pm/builds/elixir/v1.20.4-otp-29.zip"

[tools.elixir."platforms.macos-arm64"]
checksum = "sha256:7863c546cda13fecc949e562e326042451dacf8fd8698a36783cb71eeb223b46"
url = "https://builds.hex.pm/builds/elixir/v1.20.4-otp-29.zip"

[tools.elixir."platforms.macos-x64"]
checksum = "sha256:7863c546cda13fecc949e562e326042451dacf8fd8698a36783cb71eeb223b46"
url = "https://builds.hex.pm/builds/elixir/v1.20.4-otp-29.zip"

[tools.elixir."platforms.windows-x64"]
checksum = "sha256:7863c546cda13fecc949e562e326042451dacf8fd8698a36783cb71eeb223b46"
url = "https://builds.hex.pm/builds/elixir/v1.20.4-otp-29.zip"

[[tools.erlang]]
version = "29.0.6"
backend = "core:erlang"
specifiers = ["29.0.6"]

[tools.erlang."platforms.linux-arm64-musl"]
checksum = "sha256:36c89ffdac9d7531c19be0cee34355b167ea95188625d32bee61ebf49ac82afa"
url = "https://github.com/erlang/otp/releases/download/OTP-29.0.6/otp_src_29.0.6.tar.gz"
url_api = "https://api.github.com/repos/erlang/otp/releases/assets/539623111"
install = "source"

[tools.erlang."platforms.linux-x64-musl"]
checksum = "sha256:36c89ffdac9d7531c19be0cee34355b167ea95188625d32bee61ebf49ac82afa"
url = "https://github.com/erlang/otp/releases/download/OTP-29.0.6/otp_src_29.0.6.tar.gz"
url_api = "https://api.github.com/repos/erlang/otp/releases/assets/539623111"
install = "source"

[tools.erlang."platforms.macos-arm64"]
checksum = "sha256:935ecc08e3ea156d3050536a84338518020c28fa9a977d02671037069cb85a41"
url = "https://github.com/erlef/otp_builds/releases/download/OTP-29.0.6/otp-aarch64-apple-darwin.tar.gz"
url_api = "https://api.github.com/repos/erlef/otp_builds/releases/assets/539509715"

[tools.erlang."platforms.macos-x64"]
checksum = "sha256:f07c376d6f0810af3acfd90204e9459c76887c07960e78901e2fac170891f1a3"
url = "https://github.com/erlef/otp_builds/releases/download/OTP-29.0.6/otp-x86_64-apple-darwin.tar.gz"
url_api = "https://api.github.com/repos/erlef/otp_builds/releases/assets/539520619"

[tools.erlang."platforms.windows-x64"]
checksum = "sha256:c13b374db73c2d7d757eb3317183d74f872354e5746976f18bbd5de46bc95d51"
url = "https://github.com/erlang/otp/releases/download/OTP-29.0.6/otp_win64_29.0.6.zip"
url_api = "https://api.github.com/repos/erlang/otp/releases/assets/539580967"

[[tools.fnox]]
version = "1.35.1"
backend = "packslip:github.com/jdx/fnox"
specifiers = ["latest"]

[tools.fnox."platforms.linux-arm64"]
checksum = "sha256:d81a90ac6860947e24d6cfccb83102fab2899836c4144e1f8992f2c51749daab"
url = "https://github.com/jdx/fnox/releases/download/v1.35.1/fnox-aarch64-unknown-linux-gnu.tar.gz"
signer = "sigstore-oidc:https://github.com/jdx/fnox/.github/workflows/release.yml"

[tools.fnox."platforms.linux-arm64-musl"]
checksum = "sha256:ea87196c4169fdf6170a7246c3ee3643cf6e9fd57d38c39a0626ef05c2531d91"
url = "https://github.com/jdx/fnox/releases/download/v1.35.1/fnox-aarch64-unknown-linux-musl.tar.gz"
signer = "sigstore-oidc:https://github.com/jdx/fnox/.github/workflows/release.yml"

[tools.fnox."platforms.linux-x64"]
checksum = "sha256:ecdbccd01cac2d5e32601636cc0a7b1d8b1501151b4683d660b1c024763ced45"
url = "https://github.com/jdx/fnox/releases/download/v1.35.1/fnox-x86_64-unknown-linux-gnu.tar.gz"
signer = "sigstore-oidc:https://github.com/jdx/fnox/.github/workflows/release.yml"

[tools.fnox."platforms.linux-x64-musl"]
checksum = "sha256:491aaab498435e9edfdd8561ddc571a684cec49cee653f294544bcdf04857cca"
url = "https://github.com/jdx/fnox/releases/download/v1.35.1/fnox-x86_64-unknown-linux-musl.tar.gz"
signer = "sigstore-oidc:https://github.com/jdx/fnox/.github/workflows/release.yml"

[tools.fnox."platforms.macos-arm64"]
checksum = "sha256:9b733a2b9e3e893e73131cc3c7d64c8596de4c7210b47f3695ed4011d798a1e6"
url = "https://github.com/jdx/fnox/releases/download/v1.35.1/fnox-aarch64-apple-darwin.tar.gz"
signer = "sigstore-oidc:https://github.com/jdx/fnox/.github/workflows/release.yml"

[tools.fnox."platforms.macos-x64"]
checksum = "sha256:77e920b21e42af9df0d6bf1bba58ad95cbf28557009f172c73db2fea651c9962"
url = "https://github.com/jdx/fnox/releases/download/v1.35.1/fnox-x86_64-apple-darwin.tar.gz"
signer = "sigstore-oidc:https://github.com/jdx/fnox/.github/workflows/release.yml"

[tools.fnox."platforms.windows-x64"]
checksum = "sha256:4a8ac72394d0b678fc603add1559f7d4572212b0b08fc4884426b69af036d632"
url = "https://github.com/jdx/fnox/releases/download/v1.35.1/fnox-x86_64-pc-windows-msvc.zip"
signer = "sigstore-oidc:https://github.com/jdx/fnox/.github/workflows/release.yml"

[[tools."github:crate-ci/committed"]]
version = "1.1.11"
backend = "github:crate-ci/committed"
specifiers = ["latest"]

[tools."github:crate-ci/committed"."platforms.linux-arm64"]
checksum = "sha256:96d6334ab2dccc0e90b67ebdcaa2af856f29eadef48161926e21a0e35f1ae80d"
url = "https://github.com/crate-ci/committed/releases/download/v1.1.11/committed-v1.1.11-aarch64-unknown-linux-musl.tar.gz"
url_api = "https://api.github.com/repos/crate-ci/committed/releases/assets/361545435"

[tools."github:crate-ci/committed"."platforms.linux-arm64-musl"]
checksum = "sha256:96d6334ab2dccc0e90b67ebdcaa2af856f29eadef48161926e21a0e35f1ae80d"
url = "https://github.com/crate-ci/committed/releases/download/v1.1.11/committed-v1.1.11-aarch64-unknown-linux-musl.tar.gz"
url_api = "https://api.github.com/repos/crate-ci/committed/releases/assets/361545435"

[tools."github:crate-ci/committed"."platforms.linux-x64"]
checksum = "sha256:1e5c20049eeaa4633e6798283913f92dc90a97f2b5c6dfc28e8c4b7e77a67157"
url = "https://github.com/crate-ci/committed/releases/download/v1.1.11/committed-v1.1.11-x86_64-unknown-linux-musl.tar.gz"
url_api = "https://api.github.com/repos/crate-ci/committed/releases/assets/361544963"

[tools."github:crate-ci/committed"."platforms.linux-x64-musl"]
checksum = "sha256:1e5c20049eeaa4633e6798283913f92dc90a97f2b5c6dfc28e8c4b7e77a67157"
url = "https://github.com/crate-ci/committed/releases/download/v1.1.11/committed-v1.1.11-x86_64-unknown-linux-musl.tar.gz"
url_api = "https://api.github.com/repos/crate-ci/committed/releases/assets/361544963"

[tools."github:crate-ci/committed"."platforms.macos-arm64"]
checksum = "sha256:98eae08e1b0715ef6446c4bd08352f21f3a3ce21535a35687a1e132bcb4fcac1"
url = "https://github.com/crate-ci/committed/releases/download/v1.1.11/committed-v1.1.11-aarch64-apple-darwin.tar.gz"
url_api = "https://api.github.com/repos/crate-ci/committed/releases/assets/362199688"

[tools."github:crate-ci/committed"."platforms.macos-x64"]
checksum = "sha256:b1718d951c8a90539ffb7a81145fdadf81c6c9a1f17560be433a74c5b3f7bfca"
url = "https://github.com/crate-ci/committed/releases/download/v1.1.11/committed-v1.1.11-x86_64-apple-darwin.tar.gz"
url_api = "https://api.github.com/repos/crate-ci/committed/releases/assets/361544941"

[tools."github:crate-ci/committed"."platforms.windows-x64"]
checksum = "sha256:af4f5a65320471751ed1dfbb5502f15f4857cea797b077c6049acb2b995d293b"
url = "https://github.com/crate-ci/committed/releases/download/v1.1.11/committed-v1.1.11-x86_64-pc-windows-msvc.zip"
url_api = "https://api.github.com/repos/crate-ci/committed/releases/assets/361545840"

[[tools."github:dkarter/hwt"]]
version = "0.6.2-dev.20260913.8.1.g2ec9d38"
backend = "github:dkarter/hwt"
specifiers = ["0.6.2-dev.20260913.8.1.g2ec9d38"]

[tools."github:dkarter/hwt"."platforms.linux-arm64"]
checksum = "sha256:626376c7bea382714739b716393847c93e7189702932f2728a188e29fbcca3b5"
url = "https://github.com/dkarter/hwt/releases/download/v0.6.2-dev.20260913.8.1.g2ec9d38/hwt_0.6.2-dev.20260913.8.1.g2ec9d38_linux_arm64.tar.gz"
url_api = "https://api.github.com/repos/dkarter/hwt/releases/assets/560653632"
provenance = "github-attestations"

[tools."github:dkarter/hwt"."platforms.linux-arm64-musl"]
checksum = "sha256:626376c7bea382714739b716393847c93e7189702932f2728a188e29fbcca3b5"
url = "https://github.com/dkarter/hwt/releases/download/v0.6.2-dev.20260913.8.1.g2ec9d38/hwt_0.6.2-dev.20260913.8.1.g2ec9d38_linux_arm64.tar.gz"
url_api = "https://api.github.com/repos/dkarter/hwt/releases/assets/560653632"
provenance = "github-attestations"

[tools."github:dkarter/hwt"."platforms.linux-x64"]
checksum = "sha256:62970e2fa2d4d903eaf65a4fea8f208e5c8a36bf71f46ad22de4d32a7ca4e142"
url = "https://github.com/dkarter/hwt/releases/download/v0.6.2-dev.20260913.8.1.g2ec9d38/hwt_0.6.2-dev.20260913.8.1.g2ec9d38_linux_x86_64.tar.gz"
url_api = "https://api.github.com/repos/dkarter/hwt/releases/assets/560653646"
provenance = "github-attestations"

[tools."github:dkarter/hwt"."platforms.linux-x64-musl"]
checksum = "sha256:62970e2fa2d4d903eaf65a4fea8f208e5c8a36bf71f46ad22de4d32a7ca4e142"
url = "https://github.com/dkarter/hwt/releases/download/v0.6.2-dev.20260913.8.1.g2ec9d38/hwt_0.6.2-dev.20260913.8.1.g2ec9d38_linux_x86_64.tar.gz"
url_api = "https://api.github.com/repos/dkarter/hwt/releases/assets/560653646"
provenance = "github-attestations"

[tools."github:dkarter/hwt"."platforms.macos-arm64"]
checksum = "sha256:99d5d12b56332619c49395b68e51690f1bbb9e3331c65956aa6d28e1a0ff3b81"
url = "https://github.com/dkarter/hwt/releases/download/v0.6.2-dev.20260913.8.1.g2ec9d38/hwt_0.6.2-dev.20260913.8.1.g2ec9d38_darwin_arm64.tar.gz"
url_api = "https://api.github.com/repos/dkarter/hwt/releases/assets/560653630"
provenance = "github-attestations"

[tools."github:dkarter/hwt"."platforms.macos-x64"]
checksum = "sha256:1bec0dc9cb5a0d063367688c36d2c15b18aebc645fe6b649b3f9684594ea5e4b"
url = "https://github.com/dkarter/hwt/releases/download/v0.6.2-dev.20260913.8.1.g2ec9d38/hwt_0.6.2-dev.20260913.8.1.g2ec9d38_darwin_x86_64.tar.gz"
url_api = "https://api.github.com/repos/dkarter/hwt/releases/assets/560653628"
provenance = "github-attestations"

[tools."github:dkarter/hwt"."platforms.windows-x64"]
checksum = "sha256:87d6c2b30da1230ac5af9de9cbf4ac6183e26f2aa9a3d6c95e90cee3c7848f15"
url = "https://github.com/dkarter/hwt/releases/download/v0.6.2-dev.20260913.8.1.g2ec9d38/hwt-0.6.2-dev.20260913.8.1.g2ec9d38.tar.gz"
url_api = "https://api.github.com/repos/dkarter/hwt/releases/assets/560653631"
provenance = "github-attestations"

[[tools."github:dkarter/lnr"]]
version = "3.0.1"
backend = "github:dkarter/lnr"
specifiers = ["latest"]

[tools."github:dkarter/lnr"."platforms.linux-arm64"]
checksum = "sha256:7c5efeb1c6bd78db20d853398167b820b422e46c91fee816630ad05b16b3211e"
url = "https://github.com/dkarter/lnr/releases/download/v3.0.1/lnr_3.0.1_linux_arm64.tar.gz"
url_api = "https://api.github.com/repos/dkarter/lnr/releases/assets/490777745"
provenance = "github-attestations"

[tools."github:dkarter/lnr"."platforms.linux-arm64-musl"]
checksum = "sha256:7c5efeb1c6bd78db20d853398167b820b422e46c91fee816630ad05b16b3211e"
url = "https://github.com/dkarter/lnr/releases/download/v3.0.1/lnr_3.0.1_linux_arm64.tar.gz"
url_api = "https://api.github.com/repos/dkarter/lnr/releases/assets/490777745"
provenance = "github-attestations"

[tools."github:dkarter/lnr"."platforms.linux-x64"]
checksum = "sha256:a938107e893c46c0c0ae8e281695f220337dbdc0a733ccf19f1793c5adb82b06"
url = "https://github.com/dkarter/lnr/releases/download/v3.0.1/lnr_3.0.1_linux_x86_64.tar.gz"
url_api = "https://api.github.com/repos/dkarter/lnr/releases/assets/490777758"
provenance = "github-attestations"

[tools."github:dkarter/lnr"."platforms.linux-x64-musl"]
checksum = "sha256:a938107e893c46c0c0ae8e281695f220337dbdc0a733ccf19f1793c5adb82b06"
url = "https://github.com/dkarter/lnr/releases/download/v3.0.1/lnr_3.0.1_linux_x86_64.tar.gz"
url_api = "https://api.github.com/repos/dkarter/lnr/releases/assets/490777758"
provenance = "github-attestations"

[tools."github:dkarter/lnr"."platforms.macos-arm64"]
checksum = "sha256:e782338da8d0b482eefed92d5cca65ffd90aaa7edf5ec72aa260b1c73789ab99"
url = "https://github.com/dkarter/lnr/releases/download/v3.0.1/lnr_3.0.1_darwin_arm64.tar.gz"
url_api = "https://api.github.com/repos/dkarter/lnr/releases/assets/490777744"
provenance = "github-attestations"

[tools."github:dkarter/lnr"."platforms.macos-x64"]
checksum = "sha256:9c6884c6e91ec61ba12f9b1f5f0b8108442c66326e41023287e71cf09dfe27b8"
url = "https://github.com/dkarter/lnr/releases/download/v3.0.1/lnr_3.0.1_darwin_x86_64.tar.gz"
url_api = "https://api.github.com/repos/dkarter/lnr/releases/assets/490777746"
provenance = "github-attestations"

[tools."github:dkarter/lnr"."platforms.windows-x64"]
checksum = "sha256:c2b0ec9649424e9d368df15ae2740bddff440ef56a25317eab4190c08322f278"
url = "https://github.com/dkarter/lnr/releases/download/v3.0.1/lnr_3.0.1_windows_x86_64.zip"
url_api = "https://api.github.com/repos/dkarter/lnr/releases/assets/490777747"
provenance = "github-attestations"

[[tools.gitleaks]]
version = "8.30.1"
backend = "aqua:gitleaks/gitleaks"
specifiers = ["latest"]

[tools.gitleaks."platforms.linux-arm64"]
checksum = "sha256:e4a487ee7ccd7d3a7f7ec08657610aa3606637dab924210b3aee62570fb4b080"
url = "https://github.com/gitleaks/gitleaks/releases/download/v8.30.1/gitleaks_8.30.1_linux_arm64.tar.gz"
url_api = "https://api.github.com/repos/gitleaks/gitleaks/releases/assets/378332057"

[tools.gitleaks."platforms.linux-arm64-musl"]
checksum = "sha256:e4a487ee7ccd7d3a7f7ec08657610aa3606637dab924210b3aee62570fb4b080"
url = "https://github.com/gitleaks/gitleaks/releases/download/v8.30.1/gitleaks_8.30.1_linux_arm64.tar.gz"
url_api = "https://api.github.com/repos/gitleaks/gitleaks/releases/assets/378332057"

[tools.gitleaks."platforms.linux-x64"]
checksum = "sha256:551f6fc83ea457d62a0d98237cbad105af8d557003051f41f3e7ca7b3f2470eb"
url = "https://github.com/gitleaks/gitleaks/releases/download/v8.30.1/gitleaks_8.30.1_linux_x64.tar.gz"
url_api = "https://api.github.com/repos/gitleaks/gitleaks/releases/assets/378332058"

[tools.gitleaks."platforms.linux-x64-musl"]
checksum = "sha256:551f6fc83ea457d62a0d98237cbad105af8d557003051f41f3e7ca7b3f2470eb"
url = "https://github.com/gitleaks/gitleaks/releases/download/v8.30.1/gitleaks_8.30.1_linux_x64.tar.gz"
url_api = "https://api.github.com/repos/gitleaks/gitleaks/releases/assets/378332058"

[tools.gitleaks."platforms.macos-arm64"]
checksum = "sha256:b40ab0ae55c505963e365f271a8d3846efbc170aa17f2607f13df610a9aeb6a5"
url = "https://github.com/gitleaks/gitleaks/releases/download/v8.30.1/gitleaks_8.30.1_darwin_arm64.tar.gz"
url_api = "https://api.github.com/repos/gitleaks/gitleaks/releases/assets/378332059"

[tools.gitleaks."platforms.macos-x64"]
checksum = "sha256:dfe101a4db2255fc85120ac7f3d25e4342c3c20cf749f2c20a18081af1952709"
url = "https://github.com/gitleaks/gitleaks/releases/download/v8.30.1/gitleaks_8.30.1_darwin_x64.tar.gz"
url_api = "https://api.github.com/repos/gitleaks/gitleaks/releases/assets/378332053"

[tools.gitleaks."platforms.windows-x64"]
checksum = "sha256:d29144deff3a68aa93ced33dddf84b7fdc26070add4aa0f4513094c8332afc4e"
url = "https://github.com/gitleaks/gitleaks/releases/download/v8.30.1/gitleaks_8.30.1_windows_x64.zip"
url_api = "https://api.github.com/repos/gitleaks/gitleaks/releases/assets/378333178"

[[tools."http:dnsmasq"]]
version = "2.93"
backend = "http:dnsmasq"
specifiers = ["2.93"]

[tools."http:dnsmasq".options]
strip_components = "1"

[tools."http:dnsmasq"."platforms.linux-arm64"]
checksum = "sha256:0c00d4e5c97c8306e5fb932b348b34269c9c29a0e7df0e8e82958b407092bc19"
url = "https://thekelleys.org.uk/dnsmasq/dnsmasq-2.93.tar.xz"

[tools."http:dnsmasq"."platforms.linux-arm64-musl"]
checksum = "sha256:0c00d4e5c97c8306e5fb932b348b34269c9c29a0e7df0e8e82958b407092bc19"
url = "https://thekelleys.org.uk/dnsmasq/dnsmasq-2.93.tar.xz"

[tools."http:dnsmasq"."platforms.linux-x64"]
checksum = "sha256:0c00d4e5c97c8306e5fb932b348b34269c9c29a0e7df0e8e82958b407092bc19"
url = "https://thekelleys.org.uk/dnsmasq/dnsmasq-2.93.tar.xz"

[tools."http:dnsmasq"."platforms.linux-x64-musl"]
checksum = "sha256:0c00d4e5c97c8306e5fb932b348b34269c9c29a0e7df0e8e82958b407092bc19"
url = "https://thekelleys.org.uk/dnsmasq/dnsmasq-2.93.tar.xz"

[tools."http:dnsmasq"."platforms.macos-arm64"]
checksum = "sha256:0c00d4e5c97c8306e5fb932b348b34269c9c29a0e7df0e8e82958b407092bc19"
url = "https://thekelleys.org.uk/dnsmasq/dnsmasq-2.93.tar.xz"

[tools."http:dnsmasq"."platforms.macos-x64"]
checksum = "sha256:0c00d4e5c97c8306e5fb932b348b34269c9c29a0e7df0e8e82958b407092bc19"
url = "https://thekelleys.org.uk/dnsmasq/dnsmasq-2.93.tar.xz"

[tools."http:dnsmasq"."platforms.windows-x64"]
checksum = "sha256:0c00d4e5c97c8306e5fb932b348b34269c9c29a0e7df0e8e82958b407092bc19"
url = "https://thekelleys.org.uk/dnsmasq/dnsmasq-2.93.tar.xz"

[[tools.jq]]
version = "1.8.2"
backend = "aqua:jqlang/jq"
specifiers = ["latest"]

[tools.jq."platforms.linux-arm64"]
checksum = "sha256:8b85c817833814ddca00a144c33705546355afccf0cf39b188f3cdb48b852309"
url = "https://github.com/jqlang/jq/releases/download/jq-1.8.2/jq-linux-arm64"
url_api = "https://api.github.com/repos/jqlang/jq/releases/assets/453012756"
provenance = "github-attestations"

[tools.jq."platforms.linux-arm64-musl"]
checksum = "sha256:8b85c817833814ddca00a144c33705546355afccf0cf39b188f3cdb48b852309"
url = "https://github.com/jqlang/jq/releases/download/jq-1.8.2/jq-linux-arm64"
url_api = "https://api.github.com/repos/jqlang/jq/releases/assets/453012756"
provenance = "github-attestations"

[tools.jq."platforms.linux-x64"]
checksum = "sha256:b1c22172dd303f3be49e935aa56aa48a8b7a46e0bc838b4997d3bb451495870f"
url = "https://github.com/jqlang/jq/releases/download/jq-1.8.2/jq-linux-amd64"
url_api = "https://api.github.com/repos/jqlang/jq/releases/assets/453012752"
provenance = "github-attestations"

[tools.jq."platforms.linux-x64-musl"]
checksum = "sha256:b1c22172dd303f3be49e935aa56aa48a8b7a46e0bc838b4997d3bb451495870f"
url = "https://github.com/jqlang/jq/releases/download/jq-1.8.2/jq-linux-amd64"
url_api = "https://api.github.com/repos/jqlang/jq/releases/assets/453012752"
provenance = "github-attestations"

[tools.jq."platforms.macos-arm64"]
checksum = "sha256:2d75340ba57a4b4b4c8708a21c2dc8e958a48aaa8bba13b27f77f6e4c0eca07e"
url = "https://github.com/jqlang/jq/releases/download/jq-1.8.2/jq-macos-arm64"
url_api = "https://api.github.com/repos/jqlang/jq/releases/assets/453012783"
provenance = "github-attestations"

[tools.jq."platforms.macos-x64"]
checksum = "sha256:e94b266e3c26690550006abe63152b782280f4e14374accdf04cbde844f00bc0"
url = "https://github.com/jqlang/jq/releases/download/jq-1.8.2/jq-macos-amd64"
url_api = "https://api.github.com/repos/jqlang/jq/releases/assets/453012782"
provenance = "github-attestations"

[tools.jq."platforms.windows-x64"]
checksum = "sha256:a6fc67fedaf9128a3309a1e2ebb8b986aeccf70122ee46d2cb4849e423f0c627"
url = "https://github.com/jqlang/jq/releases/download/jq-1.8.2/jq-windows-amd64.exe"
url_api = "https://api.github.com/repos/jqlang/jq/releases/assets/453012788"
provenance = "github-attestations"

[[tools.lefthook]]
version = "2.1.12"
backend = "aqua:evilmartians/lefthook"
specifiers = ["latest"]

[tools.lefthook."platforms.linux-arm64"]
checksum = "sha256:d96ac16753f6d3d69b92098621c2a2427522a9c2c3e78cd7c9b4a9790b0b8f17"
url = "https://github.com/evilmartians/lefthook/releases/download/v2.1.12/lefthook_2.1.12_Linux_aarch64.gz"
url_api = "https://api.github.com/repos/evilmartians/lefthook/releases/assets/533627819"
provenance = "github-attestations"

[tools.lefthook."platforms.linux-arm64-musl"]
checksum = "sha256:d96ac16753f6d3d69b92098621c2a2427522a9c2c3e78cd7c9b4a9790b0b8f17"
url = "https://github.com/evilmartians/lefthook/releases/download/v2.1.12/lefthook_2.1.12_Linux_aarch64.gz"
url_api = "https://api.github.com/repos/evilmartians/lefthook/releases/assets/533627819"
provenance = "github-attestations"

[tools.lefthook."platforms.linux-x64"]
checksum = "sha256:dad908593c859d139b886c14913a44401d95288aa7642d9bdf6f3bd36bd788ff"
url = "https://github.com/evilmartians/lefthook/releases/download/v2.1.12/lefthook_2.1.12_Linux_x86_64.gz"
url_api = "https://api.github.com/repos/evilmartians/lefthook/releases/assets/533627780"
provenance = "github-attestations"

[tools.lefthook."platforms.linux-x64-musl"]
checksum = "sha256:dad908593c859d139b886c14913a44401d95288aa7642d9bdf6f3bd36bd788ff"
url = "https://github.com/evilmartians/lefthook/releases/download/v2.1.12/lefthook_2.1.12_Linux_x86_64.gz"
url_api = "https://api.github.com/repos/evilmartians/lefthook/releases/assets/533627780"
provenance = "github-attestations"

[tools.lefthook."platforms.macos-arm64"]
checksum = "sha256:f23eac328ca50c7b775dc24dc275cdeacb65e16cf8bd1745d18e3c563f704f94"
url = "https://github.com/evilmartians/lefthook/releases/download/v2.1.12/lefthook_2.1.12_MacOS_arm64.gz"
url_api = "https://api.github.com/repos/evilmartians/lefthook/releases/assets/533627758"
provenance = "github-attestations"

[tools.lefthook."platforms.macos-x64"]
checksum = "sha256:83c8591d338b1b789944480d9effe2807adc903cf27e4a16ab013e39d7723c31"
url = "https://github.com/evilmartians/lefthook/releases/download/v2.1.12/lefthook_2.1.12_MacOS_x86_64.gz"
url_api = "https://api.github.com/repos/evilmartians/lefthook/releases/assets/533627775"
provenance = "github-attestations"

[tools.lefthook."platforms.windows-x64"]
checksum = "sha256:c642d9ad8818faff1379e1b72321b4baddd0d6f20ffd7303f59386bb6abfd6e9"
url = "https://github.com/evilmartians/lefthook/releases/download/v2.1.12/lefthook_2.1.12_Windows_x86_64.gz"
url_api = "https://api.github.com/repos/evilmartians/lefthook/releases/assets/533627801"
provenance = "github-attestations"

[[tools.pitchfork]]
version = "2.25.0"
backend = "packslip:github.com/jdx/pitchfork"
specifiers = ["latest"]

[tools.pitchfork."platforms.linux-arm64"]
checksum = "sha256:92b55dbe45ec30e6f24b7517e25801f2a1ddfc1b6050326390da303f971b68a1"
url = "https://github.com/jdx/pitchfork/releases/download/v2.25.0/pitchfork-aarch64-unknown-linux-gnu.tar.gz"
signer = "sigstore-oidc:https://github.com/jdx/pitchfork/.github/workflows/release.yml"

[tools.pitchfork."platforms.linux-x64"]
checksum = "sha256:7ce68158201430d3f5bb5b6c96778e3f638abfa209147713b0392f54bfadef4a"
url = "https://github.com/jdx/pitchfork/releases/download/v2.25.0/pitchfork-x86_64-unknown-linux-gnu.tar.gz"
signer = "sigstore-oidc:https://github.com/jdx/pitchfork/.github/workflows/release.yml"

[tools.pitchfork."platforms.macos-arm64"]
checksum = "sha256:c244393367ac84814f7a4e44b6a4cdf82d55d8fb6494d18d5c7cbcbf368c6a79"
url = "https://github.com/jdx/pitchfork/releases/download/v2.25.0/pitchfork-aarch64-apple-darwin.tar.gz"
signer = "sigstore-oidc:https://github.com/jdx/pitchfork/.github/workflows/release.yml"

[tools.pitchfork."platforms.windows-x64"]
checksum = "sha256:02eb22a45af1b608fc0954335958cfe3c42c63d4b699091650781df8b42c89da"
url = "https://github.com/jdx/pitchfork/releases/download/v2.25.0/pitchfork-x86_64-pc-windows-msvc.zip"
signer = "sigstore-oidc:https://github.com/jdx/pitchfork/.github/workflows/release.yml"
