# @generated - this file is auto-generated by `mise lock` https://mise.jdx.dev/dev-tools/mise-lock.html

lockfile_version = 1

[[tools.dprint]]
version = "0.57.4"
backend = "aqua:dprint/dprint"
specifiers = ["latest"]

[[tools.elixir]]
version = "1.20.4-otp-29"
backend = "core:elixir"
specifiers = ["1.20.4-otp-29"]

[[tools.erlang]]
version = "29.0.6"
backend = "core:erlang"
specifiers = ["29.0.6"]

[[tools.fnox]]
version = "1.35.1"
backend = "packslip:github.com/jdx/fnox"
specifiers = ["latest"]

[[tools."github:crate-ci/committed"]]
version = "1.1.11"
backend = "github:crate-ci/committed"
specifiers = ["latest"]

[[tools."github:dkarter/hwt"]]
version = "0.6.2-dev.20260912.4.1.gb654214"
backend = "github:dkarter/hwt"
specifiers = ["0.6.2-dev.20260912.4.1.gb654214"]

[[tools.gitleaks]]
version = "8.30.1"
backend = "aqua:gitleaks/gitleaks"
specifiers = ["latest"]

[[tools.lefthook]]
version = "2.1.12"
backend = "aqua:evilmartians/lefthook"
specifiers = ["latest"]

[[tools.pitchfork]]
version = "2.25.0"
backend = "packslip:github.com/jdx/pitchfork"
specifiers = ["latest"]
