# @generated - this file is auto-generated by `mise lock` https://mise.jdx.dev/dev-tools/mise-lock.html

lockfile_version = 1

[[tools.caddy]]
version = "2.11.4"
backend = "aqua:caddyserver/caddy"
specifiers = ["latest"]

[tools.caddy."platforms.linux-arm64"]
checksum = "sha256:52d42ae12b3462097e9868da6dfed3c9648ae12edd3b3638102312af84cb6904"
url = "https://github.com/caddyserver/caddy/releases/download/v2.11.4/caddy_2.11.4_linux_arm64.tar.gz"
url_api = "https://api.github.com/repos/caddyserver/caddy/releases/assets/436912318"

[tools.caddy."platforms.linux-arm64-musl"]
checksum = "sha256:52d42ae12b3462097e9868da6dfed3c9648ae12edd3b3638102312af84cb6904"
url = "https://github.com/caddyserver/caddy/releases/download/v2.11.4/caddy_2.11.4_linux_arm64.tar.gz"
url_api = "https://api.github.com/repos/caddyserver/caddy/releases/assets/436912318"

[tools.caddy."platforms.linux-x64"]
checksum = "sha256:527fbf917c39189a1e3b31d34fa955601680b2d5c8055d2a87b8b9588dec7bb9"
url = "https://github.com/caddyserver/caddy/releases/download/v2.11.4/caddy_2.11.4_linux_amd64.tar.gz"
url_api = "https://api.github.com/repos/caddyserver/caddy/releases/assets/436912315"

[tools.caddy."platforms.linux-x64-musl"]
checksum = "sha256:527fbf917c39189a1e3b31d34fa955601680b2d5c8055d2a87b8b9588dec7bb9"
url = "https://github.com/caddyserver/caddy/releases/download/v2.11.4/caddy_2.11.4_linux_amd64.tar.gz"
url_api = "https://api.github.com/repos/caddyserver/caddy/releases/assets/436912315"

[tools.caddy."platforms.macos-arm64"]
checksum = "sha256:9efb0af2d6cf09cfb5053c0e51721b9b3d4956d346234f39368d943d25a3c9a7"
url = "https://github.com/caddyserver/caddy/releases/download/v2.11.4/caddy_2.11.4_mac_arm64.tar.gz"
url_api = "https://api.github.com/repos/caddyserver/caddy/releases/assets/436912311"

[tools.caddy."platforms.macos-x64"]
checksum = "sha256:34bc9e5cceee8d67844ef51da624f5b79e8d070f27236e050c3f0066a2dba534"
url = "https://github.com/caddyserver/caddy/releases/download/v2.11.4/caddy_2.11.4_mac_amd64.tar.gz"
url_api = "https://api.github.com/repos/caddyserver/caddy/releases/assets/436912339"

[tools.caddy."platforms.windows-x64"]
checksum = "sha256:1708333f79e274c7697285afe6d592ab39314e0b131e9ec6bea08ad27df62ebf"
url = "https://github.com/caddyserver/caddy/releases/download/v2.11.4/caddy_2.11.4_windows_amd64.zip"
url_api = "https://api.github.com/repos/caddyserver/caddy/releases/assets/436912304"

[[tools.dprint]]
version = "0.57.4"
backend = "aqua:dprint/dprint"
specifiers = ["latest"]

[tools.dprint."platforms.linux-arm64"]
checksum = "sha256:ff961314e7c1ca6a02eaada0e37920a37c668fbc09fd85838c2aced41a4bc0e4"
url = "https://github.com/dprint/dprint/releases/download/0.57.4/dprint-aarch64-unknown-linux-gnu.zip"
url_api = "https://api.github.com/repos/dprint/dprint/releases/assets/546351169"

[tools.dprint."platforms.linux-arm64-musl"]
checksum = "sha256:e1b713806f7f7b94072ba2b069aa19ac28f475dbb1fbc5b672d3030a2ab001ee"
url = "https://github.com/dprint/dprint/releases/download/0.57.4/dprint-aarch64-unknown-linux-musl.zip"
url_api = "https://api.github.com/repos/dprint/dprint/releases/assets/546351166"

[tools.dprint."platforms.linux-x64"]
checksum = "sha256:1d26357d8bc66898d4ecc7dafca3d2971cfe222ba487228bd2ce5c3b3a309c33"
url = "https://github.com/dprint/dprint/releases/download/0.57.4/dprint-x86_64-unknown-linux-gnu.zip"
url_api = "https://api.github.com/repos/dprint/dprint/releases/assets/546351175"

[tools.dprint."platforms.linux-x64-musl"]
checksum = "sha256:03f3e8002f9d952bf53325fc8853686d2e8808b9e5b652b215600ba147e73a5c"
url = "https://github.com/dprint/dprint/releases/download/0.57.4/dprint-x86_64-unknown-linux-musl.zip"
url_api = "https://api.github.com/repos/dprint/dprint/releases/assets/546351170"

[tools.dprint."platforms.macos-arm64"]
checksum = "sha256:f9e752812791f258e89ff88a7affd05c793b0db3d929718651eae7df5f19eb2e"
url = "https://github.com/dprint/dprint/releases/download/0.57.4/dprint-aarch64-apple-darwin.zip"
url_api = "https://api.github.com/repos/dprint/dprint/releases/assets/546351171"

[tools.dprint."platforms.macos-x64"]
checksum = "sha256:8978bd5d9a564ec19472545fb853da9ec468e024e75d39c3a9df9fd5750ecdfd"
url = "https://github.com/dprint/dprint/releases/download/0.57.4/dprint-x86_64-apple-darwin.zip"
url_api = "https://api.github.com/repos/dprint/dprint/releases/assets/546351172"

[tools.dprint."platforms.windows-x64"]
checksum = "sha256:1038af32fade7a79f9c3a690d9546bb17be13dd7b4568a3684692fdcb0a52a1d"
url = "https://github.com/dprint/dprint/releases/download/0.57.4/dprint-x86_64-pc-windows-msvc.zip"
url_api = "https://api.github.com/repos/dprint/dprint/releases/assets/546351162"

[[tools.elixir]]
version = "1.20.4-otp-29"
backend = "core:elixir"
specifiers = ["1.20.4-otp-29"]

[tools.elixir."platforms.linux-arm64"]
checksum = "sha256:7863c546cda13fecc949e562e326042451dacf8fd8698a36783cb71eeb223b46"
url = "https://builds.hex.pm/builds/elixir/v1.20.4-otp-29.zip"

[tools.elixir."platforms.linux-arm64-musl"]
checksum = "sha256:7863c546cda13fecc949e562e326042451dacf8fd8698a36783cb71eeb223b46"
url = "https://builds.hex.pm/builds/elixir/v1.20.4-otp-29.zip"

[tools.elixir."platforms.linux-x64"]
checksum = "sha256:7863c546cda13fecc949e562e326042451dacf8fd8698a36783cb71eeb223b46"
url = "https://builds.hex.pm/builds/elixir/v1.20.4-otp-29.zip"

[tools.elixir."platforms.linux-x64-musl"]
checksum = "sha256:7863c546cda13fecc949e562e326042451dacf8fd8698a36783cb71eeb223b46"
url = "https://builds.hex.pm/builds/elixir/v1.20.4-otp-29.zip"

[tools.elixir."platforms.macos-arm64"]
checksum = "sha256:7863c546cda13fecc949e562e326042451dacf8fd8698a36783cb71eeb223b46"
url = "https://builds.hex.pm/builds/elixir/v1.20.4-otp-29.zip"

[tools.elixir."platforms.macos-x64"]
checksum = "sha256:7863c546cda13fecc949e562e326042451dacf8fd8698a36783cb71eeb223b46"
url = "https://builds.hex.pm/builds/elixir/v1.20.4-otp-29.zip"

[tools.elixir."platforms.windows-x64"]
checksum = "sha256:7863c546cda13fecc949e562e326042451dacf8fd8698a36783cb71eeb223b46"
url = "https://builds.hex.pm/builds/elixir/v1.20.4-otp-29.zip"

[[tools.erlang]]
version = "29.0.6"
backend = "core:erlang"
specifiers = ["29.0.6"]

[tools.erlang."platforms.linux-arm64-musl"]
checksum = "sha256:36c89ffdac9d7531c19be0cee34355b167ea95188625d32bee61ebf49ac82afa"
url = "https://github.com/erlang/otp/releases/download/OTP-29.0.6/otp_src_29.0.6.tar.gz"
url_api = "https://api.github.com/repos/erlang/otp/releases/assets/539623111"
install = "source"

[tools.erlang."platforms.linux-x64-musl"]
checksum = "sha256:36c89ffdac9d7531c19be0cee34355b167ea95188625d32bee61ebf49ac82afa"
url = "https://github.com/erlang/otp/releases/download/OTP-29.0.6/otp_src_29.0.6.tar.gz"
url_api = "https://api.github.com/repos/erlang/otp/releases/assets/539623111"
install = "source"

[tools.erlang."platforms.macos-arm64"]
checksum = "sha256:935ecc08e3ea156d3050536a84338518020c28fa9a977d02671037069cb85a41"
url = "https://github.com/erlef/otp_builds/releases/download/OTP-29.0.6/otp-aarch64-apple-darwin.tar.gz"
url_api = "https://api.github.com/repos/erlef/otp_builds/releases/assets/539509715"

[tools.erlang."platforms.macos-x64"]
checksum = "sha256:f07c376d6f0810af3acfd90204e9459c76887c07960e78901e2fac170891f1a3"
url = "https://github.com/erlef/otp_builds/releases/download/OTP-29.0.6/otp-x86_64-apple-darwin.tar.gz"
url_api = "https://api.github.com/repos/erlef/otp_builds/releases/assets/539520619"

[tools.erlang."platforms.windows-x64"]
checksum = "sha256:c13b374db73c2d7d757eb3317183d74f872354e5746976f18bbd5de46bc95d51"
url = "https://github.com/erlang/otp/releases/download/OTP-29.0.6/otp_win64_29.0.6.zip"
url_api = "https://api.github.com/repos/erlang/otp/releases/assets/539580967"

[[tools.erlang]]
version = "29.0.6"
backend = "core:erlang"

[tools.erlang.options]
precompiled_os = "ubuntu-24.04"

[tools.erlang."platforms.linux-arm64"]
checksum = "sha256:6392ce07466c4e46ed110a3c2731894e9237ea578d268d8828f6a87ee7bf118f"
url = "https://builds.hex.pm/builds/otp/arm64/ubuntu-24.04/OTP-29.0.6.tar.gz"

[tools.erlang."platforms.linux-x64"]
checksum = "sha256:3217eec39b0c91d50de2e8d4042bd31a33a19fc5164ea3f7ffecba77634f2d1c"
url = "https://builds.hex.pm/builds/otp/amd64/ubuntu-24.04/OTP-29.0.6.tar.gz"

[[tools.fnox]]
version = "1.35.2"
backend = "packslip:github.com/jdx/fnox"
specifiers = ["latest"]

[tools.fnox."platforms.linux-arm64"]
checksum = "sha256:d404b219b6a3c3c4f3531d88cb7d3b96d00891b826d8fcfc2941b8a060028015"
url = "https://github.com/jdx/fnox/releases/download/v1.35.2/fnox-aarch64-unknown-linux-gnu.tar.gz"
signer = "sigstore-oidc:https://github.com/jdx/fnox/.github/workflows/release.yml"

[tools.fnox."platforms.linux-arm64-musl"]
checksum = "sha256:e01d961fd668bb678a0fde108057651c40497d6a086f9b32fa4cbb8afe215b1f"
url = "https://github.com/jdx/fnox/releases/download/v1.35.2/fnox-aarch64-unknown-linux-musl.tar.gz"
signer = "sigstore-oidc:https://github.com/jdx/fnox/.github/workflows/release.yml"

[tools.fnox."platforms.linux-x64"]
checksum = "sha256:5f95929bb8b73cd849b238fbefe3dbf8706f57f876cc5ae23aa9aa9da62a40a9"
url = "https://github.com/jdx/fnox/releases/download/v1.35.2/fnox-x86_64-unknown-linux-gnu.tar.gz"
signer = "sigstore-oidc:https://github.com/jdx/fnox/.github/workflows/release.yml"

[tools.fnox."platforms.linux-x64-musl"]
checksum = "sha256:9ddbd3e8304f4bd1aae59f0152efd8ec810ada9656e64ce7533d4c46f8aae985"
url = "https://github.com/jdx/fnox/releases/download/v1.35.2/fnox-x86_64-unknown-linux-musl.tar.gz"
signer = "sigstore-oidc:https://github.com/jdx/fnox/.github/workflows/release.yml"

[tools.fnox."platforms.macos-arm64"]
checksum = "sha256:3f6e9b4f7a59a5712abe48cf6c97b2a0600392b5cb54059a80b53497adeab354"
url = "https://github.com/jdx/fnox/releases/download/v1.35.2/fnox-aarch64-apple-darwin.tar.gz"
signer = "sigstore-oidc:https://github.com/jdx/fnox/.github/workflows/release.yml"

[tools.fnox."platforms.macos-x64"]
checksum = "sha256:efb1a830b0b44704b93d1647cab9b9046da7519a869cc6de3437a028c7db7417"
url = "https://github.com/jdx/fnox/releases/download/v1.35.2/fnox-x86_64-apple-darwin.tar.gz"
signer = "sigstore-oidc:https://github.com/jdx/fnox/.github/workflows/release.yml"

[tools.fnox."platforms.windows-x64"]
checksum = "sha256:ba662d6a6452f8ab060505ae35e3bd81c890fa1ba5ada778b4c451aaf006d6a8"
url = "https://github.com/jdx/fnox/releases/download/v1.35.2/fnox-x86_64-pc-windows-msvc.zip"
signer = "sigstore-oidc:https://github.com/jdx/fnox/.github/workflows/release.yml"

[[tools."github:crate-ci/committed"]]
version = "1.1.11"
backend = "github:crate-ci/committed"
specifiers = ["latest"]

[tools."github:crate-ci/committed"."platforms.linux-arm64"]
checksum = "sha256:96d6334ab2dccc0e90b67ebdcaa2af856f29eadef48161926e21a0e35f1ae80d"
url = "https://github.com/crate-ci/committed/releases/download/v1.1.11/committed-v1.1.11-aarch64-unknown-linux-musl.tar.gz"
url_api = "https://api.github.com/repos/crate-ci/committed/releases/assets/361545435"

[tools."github:crate-ci/committed"."platforms.linux-arm64-musl"]
checksum = "sha256:96d6334ab2dccc0e90b67ebdcaa2af856f29eadef48161926e21a0e35f1ae80d"
url = "https://github.com/crate-ci/committed/releases/download/v1.1.11/committed-v1.1.11-aarch64-unknown-linux-musl.tar.gz"
url_api = "https://api.github.com/repos/crate-ci/committed/releases/assets/361545435"

[tools."github:crate-ci/committed"."platforms.linux-x64"]
checksum = "sha256:1e5c20049eeaa4633e6798283913f92dc90a97f2b5c6dfc28e8c4b7e77a67157"
url = "https://github.com/crate-ci/committed/releases/download/v1.1.11/committed-v1.1.11-x86_64-unknown-linux-musl.tar.gz"
url_api = "https://api.github.com/repos/crate-ci/committed/releases/assets/361544963"

[tools."github:crate-ci/committed"."platforms.linux-x64-musl"]
checksum = "sha256:1e5c20049eeaa4633e6798283913f92dc90a97f2b5c6dfc28e8c4b7e77a67157"
url = "https://github.com/crate-ci/committed/releases/download/v1.1.11/committed-v1.1.11-x86_64-unknown-linux-musl.tar.gz"
url_api = "https://api.github.com/repos/crate-ci/committed/releases/assets/361544963"

[tools."github:crate-ci/committed"."platforms.macos-arm64"]
checksum = "sha256:98eae08e1b0715ef6446c4bd08352f21f3a3ce21535a35687a1e132bcb4fcac1"
url = "https://github.com/crate-ci/committed/releases/download/v1.1.11/committed-v1.1.11-aarch64-apple-darwin.tar.gz"
url_api = "https://api.github.com/repos/crate-ci/committed/releases/assets/362199688"

[tools."github:crate-ci/committed"."platforms.macos-x64"]
checksum = "sha256:b1718d951c8a90539ffb7a81145fdadf81c6c9a1f17560be433a74c5b3f7bfca"
url = "https://github.com/crate-ci/committed/releases/download/v1.1.11/committed-v1.1.11-x86_64-apple-darwin.tar.gz"
url_api = "https://api.github.com/repos/crate-ci/committed/releases/assets/361544941"

[tools."github:crate-ci/committed"."platforms.windows-x64"]
checksum = "sha256:af4f5a65320471751ed1dfbb5502f15f4857cea797b077c6049acb2b995d293b"
url = "https://github.com/crate-ci/committed/releases/download/v1.1.11/committed-v1.1.11-x86_64-pc-windows-msvc.zip"
url_api = "https://api.github.com/repos/crate-ci/committed/releases/assets/361545840"

[[tools."github:dkarter/hwt"]]
version = "0.10.0"
backend = "github:dkarter/hwt"
specifiers = ["latest"]

[tools."github:dkarter/hwt"."platforms.linux-arm64"]
checksum = "sha256:7356d6ba2bde5fbe176eb60c02f374cb7c0c2a1d5e28dd465351cdedc14025b6"
url = "https://github.com/dkarter/hwt/releases/download/v0.10.0/hwt_0.10.0_linux_arm64.tar.gz"
url_api = "https://api.github.com/repos/dkarter/hwt/releases/assets/575182649"
provenance = "github-attestations"

[tools."github:dkarter/hwt"."platforms.linux-arm64-musl"]
checksum = "sha256:7356d6ba2bde5fbe176eb60c02f374cb7c0c2a1d5e28dd465351cdedc14025b6"
url = "https://github.com/dkarter/hwt/releases/download/v0.10.0/hwt_0.10.0_linux_arm64.tar.gz"
url_api = "https://api.github.com/repos/dkarter/hwt/releases/assets/575182649"
provenance = "github-attestations"

[tools."github:dkarter/hwt"."platforms.linux-x64"]
checksum = "sha256:c1d0ba2850cf60271a9cfab7075201d22de98a2fb5fb5558db51204c49942ec3"
url = "https://github.com/dkarter/hwt/releases/download/v0.10.0/hwt_0.10.0_linux_x86_64.tar.gz"
url_api = "https://api.github.com/repos/dkarter/hwt/releases/assets/575182658"
provenance = "github-attestations"

[tools."github:dkarter/hwt"."platforms.linux-x64-musl"]
checksum = "sha256:c1d0ba2850cf60271a9cfab7075201d22de98a2fb5fb5558db51204c49942ec3"
url = "https://github.com/dkarter/hwt/releases/download/v0.10.0/hwt_0.10.0_linux_x86_64.tar.gz"
url_api = "https://api.github.com/repos/dkarter/hwt/releases/assets/575182658"
provenance = "github-attestations"

[tools."github:dkarter/hwt"."platforms.macos-arm64"]
checksum = "sha256:f0c9f748943743674916a84624428bfad169396444f93ec2ea21efc39bfe6daf"
url = "https://github.com/dkarter/hwt/releases/download/v0.10.0/hwt_0.10.0_darwin_arm64.tar.gz"
url_api = "https://api.github.com/repos/dkarter/hwt/releases/assets/575182652"
provenance = "github-attestations"

[tools."github:dkarter/hwt"."platforms.macos-x64"]
checksum = "sha256:3ae13429cd30a9e6a473499aee6df8a68cbef526aeebff051f24904adb772cd8"
url = "https://github.com/dkarter/hwt/releases/download/v0.10.0/hwt_0.10.0_darwin_x86_64.tar.gz"
url_api = "https://api.github.com/repos/dkarter/hwt/releases/assets/575182654"
provenance = "github-attestations"

[tools."github:dkarter/hwt"."platforms.windows-x64"]
checksum = "sha256:9dcb9ff853afb680dfa0a22cb45b9a8f83b9e88fa6eff3e34ad13c830bfbc692"
url = "https://github.com/dkarter/hwt/releases/download/v0.10.0/hwt-0.10.0.tar.gz"
url_api = "https://api.github.com/repos/dkarter/hwt/releases/assets/575182675"
provenance = "github-attestations"

[[tools."github:dkarter/lnr"]]
version = "3.1.0"
backend = "github:dkarter/lnr"
specifiers = ["latest"]

[tools."github:dkarter/lnr"."platforms.linux-arm64"]
checksum = "sha256:a24ea8e7330eb102ae0daa9cb93fbde10d9250cff71b9b30265ef33325e2831c"
url = "https://github.com/dkarter/lnr/releases/download/v3.1.0/lnr_3.1.0_linux_arm64.tar.gz"
url_api = "https://api.github.com/repos/dkarter/lnr/releases/assets/566326578"
provenance = "github-attestations"

[tools."github:dkarter/lnr"."platforms.linux-arm64-musl"]
checksum = "sha256:a24ea8e7330eb102ae0daa9cb93fbde10d9250cff71b9b30265ef33325e2831c"
url = "https://github.com/dkarter/lnr/releases/download/v3.1.0/lnr_3.1.0_linux_arm64.tar.gz"
url_api = "https://api.github.com/repos/dkarter/lnr/releases/assets/566326578"
provenance = "github-attestations"

[tools."github:dkarter/lnr"."platforms.linux-x64"]
checksum = "sha256:a030e89bf48abb3f93cf9d2849653ef78e23950f10711789010c72c93441c464"
url = "https://github.com/dkarter/lnr/releases/download/v3.1.0/lnr_3.1.0_linux_x86_64.tar.gz"
url_api = "https://api.github.com/repos/dkarter/lnr/releases/assets/566326554"
provenance = "github-attestations"

[tools."github:dkarter/lnr"."platforms.linux-x64-musl"]
checksum = "sha256:a030e89bf48abb3f93cf9d2849653ef78e23950f10711789010c72c93441c464"
url = "https://github.com/dkarter/lnr/releases/download/v3.1.0/lnr_3.1.0_linux_x86_64.tar.gz"
url_api = "https://api.github.com/repos/dkarter/lnr/releases/assets/566326554"
provenance = "github-attestations"

[tools."github:dkarter/lnr"."platforms.macos-arm64"]
checksum = "sha256:915771944fb2c625d3a94e80bc3b585d6266d14a0912abba65daecd5d7c1ea5d"
url = "https://github.com/dkarter/lnr/releases/download/v3.1.0/lnr_3.1.0_darwin_arm64.tar.gz"
url_api = "https://api.github.com/repos/dkarter/lnr/releases/assets/566326555"
provenance = "github-attestations"

[tools."github:dkarter/lnr"."platforms.macos-x64"]
checksum = "sha256:b367ed9ffa3112dc213048e3e17b70fb67df9b74718cb4c8b26396880c1ff105"
url = "https://github.com/dkarter/lnr/releases/download/v3.1.0/lnr_3.1.0_darwin_x86_64.tar.gz"
url_api = "https://api.github.com/repos/dkarter/lnr/releases/assets/566326579"
provenance = "github-attestations"

[tools."github:dkarter/lnr"."platforms.windows-x64"]
checksum = "sha256:34c0828a4589ed12faf06e912b425881f632482c0571dc224de25bceea1a26bb"
url = "https://github.com/dkarter/lnr/releases/download/v3.1.0/lnr_3.1.0_windows_x86_64.zip"
url_api = "https://api.github.com/repos/dkarter/lnr/releases/assets/566326587"
provenance = "github-attestations"

[[tools.gitleaks]]
version = "8.30.1"
backend = "aqua:gitleaks/gitleaks"
specifiers = ["latest"]

[tools.gitleaks."platforms.linux-arm64"]
checksum = "sha256:e4a487ee7ccd7d3a7f7ec08657610aa3606637dab924210b3aee62570fb4b080"
url = "https://github.com/gitleaks/gitleaks/releases/download/v8.30.1/gitleaks_8.30.1_linux_arm64.tar.gz"
url_api = "https://api.github.com/repos/gitleaks/gitleaks/releases/assets/378332057"

[tools.gitleaks."platforms.linux-arm64-musl"]
checksum = "sha256:e4a487ee7ccd7d3a7f7ec08657610aa3606637dab924210b3aee62570fb4b080"
url = "https://github.com/gitleaks/gitleaks/releases/download/v8.30.1/gitleaks_8.30.1_linux_arm64.tar.gz"
url_api = "https://api.github.com/repos/gitleaks/gitleaks/releases/assets/378332057"

[tools.gitleaks."platforms.linux-x64"]
checksum = "sha256:551f6fc83ea457d62a0d98237cbad105af8d557003051f41f3e7ca7b3f2470eb"
url = "https://github.com/gitleaks/gitleaks/releases/download/v8.30.1/gitleaks_8.30.1_linux_x64.tar.gz"
url_api = "https://api.github.com/repos/gitleaks/gitleaks/releases/assets/378332058"

[tools.gitleaks."platforms.linux-x64-musl"]
checksum = "sha256:551f6fc83ea457d62a0d98237cbad105af8d557003051f41f3e7ca7b3f2470eb"
url = "https://github.com/gitleaks/gitleaks/releases/download/v8.30.1/gitleaks_8.30.1_linux_x64.tar.gz"
url_api = "https://api.github.com/repos/gitleaks/gitleaks/releases/assets/378332058"

[tools.gitleaks."platforms.macos-arm64"]
checksum = "sha256:b40ab0ae55c505963e365f271a8d3846efbc170aa17f2607f13df610a9aeb6a5"
url = "https://github.com/gitleaks/gitleaks/releases/download/v8.30.1/gitleaks_8.30.1_darwin_arm64.tar.gz"
url_api = "https://api.github.com/repos/gitleaks/gitleaks/releases/assets/378332059"

[tools.gitleaks."platforms.macos-x64"]
checksum = "sha256:dfe101a4db2255fc85120ac7f3d25e4342c3c20cf749f2c20a18081af1952709"
url = "https://github.com/gitleaks/gitleaks/releases/download/v8.30.1/gitleaks_8.30.1_darwin_x64.tar.gz"
url_api = "https://api.github.com/repos/gitleaks/gitleaks/releases/assets/378332053"

[tools.gitleaks."platforms.windows-x64"]
checksum = "sha256:d29144deff3a68aa93ced33dddf84b7fdc26070add4aa0f4513094c8332afc4e"
url = "https://github.com/gitleaks/gitleaks/releases/download/v8.30.1/gitleaks_8.30.1_windows_x64.zip"
url_api = "https://api.github.com/repos/gitleaks/gitleaks/releases/assets/378333178"

[[tools."http:dnsmasq"]]
version = "2.93"
backend = "http:dnsmasq"
specifiers = ["2.93"]

[tools."http:dnsmasq".options]
strip_components = "1"

[tools."http:dnsmasq"."platforms.linux-arm64"]
checksum = "sha256:0c00d4e5c97c8306e5fb932b348b34269c9c29a0e7df0e8e82958b407092bc19"
url = "https://thekelleys.org.uk/dnsmasq/dnsmasq-2.93.tar.xz"

[tools."http:dnsmasq"."platforms.linux-arm64-musl"]
checksum = "sha256:0c00d4e5c97c8306e5fb932b348b34269c9c29a0e7df0e8e82958b407092bc19"
url = "https://thekelleys.org.uk/dnsmasq/dnsmasq-2.93.tar.xz"

[tools."http:dnsmasq"."platforms.linux-x64"]
checksum = "sha256:0c00d4e5c97c8306e5fb932b348b34269c9c29a0e7df0e8e82958b407092bc19"
url = "https://thekelleys.org.uk/dnsmasq/dnsmasq-2.93.tar.xz"

[tools."http:dnsmasq"."platforms.linux-x64-musl"]
checksum = "sha256:0c00d4e5c97c8306e5fb932b348b34269c9c29a0e7df0e8e82958b407092bc19"
url = "https://thekelleys.org.uk/dnsmasq/dnsmasq-2.93.tar.xz"

[tools."http:dnsmasq"."platforms.macos-arm64"]
checksum = "sha256:0c00d4e5c97c8306e5fb932b348b34269c9c29a0e7df0e8e82958b407092bc19"
url = "https://thekelleys.org.uk/dnsmasq/dnsmasq-2.93.tar.xz"

[tools."http:dnsmasq"."platforms.macos-x64"]
checksum = "sha256:0c00d4e5c97c8306e5fb932b348b34269c9c29a0e7df0e8e82958b407092bc19"
url = "https://thekelleys.org.uk/dnsmasq/dnsmasq-2.93.tar.xz"

[tools."http:dnsmasq"."platforms.windows-x64"]
checksum = "sha256:0c00d4e5c97c8306e5fb932b348b34269c9c29a0e7df0e8e82958b407092bc19"
url = "https://thekelleys.org.uk/dnsmasq/dnsmasq-2.93.tar.xz"

[[tools.jq]]
version = "1.8.2"
backend = "aqua:jqlang/jq"
specifiers = ["latest"]

[tools.jq."platforms.linux-arm64"]
checksum = "sha256:8b85c817833814ddca00a144c33705546355afccf0cf39b188f3cdb48b852309"
url = "https://github.com/jqlang/jq/releases/download/jq-1.8.2/jq-linux-arm64"
url_api = "https://api.github.com/repos/jqlang/jq/releases/assets/453012756"
provenance = "github-attestations"

[tools.jq."platforms.linux-arm64-musl"]
checksum = "sha256:8b85c817833814ddca00a144c33705546355afccf0cf39b188f3cdb48b852309"
url = "https://github.com/jqlang/jq/releases/download/jq-1.8.2/jq-linux-arm64"
url_api = "https://api.github.com/repos/jqlang/jq/releases/assets/453012756"
provenance = "github-attestations"

[tools.jq."platforms.linux-x64"]
checksum = "sha256:b1c22172dd303f3be49e935aa56aa48a8b7a46e0bc838b4997d3bb451495870f"
url = "https://github.com/jqlang/jq/releases/download/jq-1.8.2/jq-linux-amd64"
url_api = "https://api.github.com/repos/jqlang/jq/releases/assets/453012752"
provenance = "github-attestations"

[tools.jq."platforms.linux-x64-musl"]
checksum = "sha256:b1c22172dd303f3be49e935aa56aa48a8b7a46e0bc838b4997d3bb451495870f"
url = "https://github.com/jqlang/jq/releases/download/jq-1.8.2/jq-linux-amd64"
url_api = "https://api.github.com/repos/jqlang/jq/releases/assets/453012752"
provenance = "github-attestations"

[tools.jq."platforms.macos-arm64"]
checksum = "sha256:2d75340ba57a4b4b4c8708a21c2dc8e958a48aaa8bba13b27f77f6e4c0eca07e"
url = "https://github.com/jqlang/jq/releases/download/jq-1.8.2/jq-macos-arm64"
url_api = "https://api.github.com/repos/jqlang/jq/releases/assets/453012783"
provenance = "github-attestations"

[tools.jq."platforms.macos-x64"]
checksum = "sha256:e94b266e3c26690550006abe63152b782280f4e14374accdf04cbde844f00bc0"
url = "https://github.com/jqlang/jq/releases/download/jq-1.8.2/jq-macos-amd64"
url_api = "https://api.github.com/repos/jqlang/jq/releases/assets/453012782"
provenance = "github-attestations"

[tools.jq."platforms.windows-x64"]
checksum = "sha256:a6fc67fedaf9128a3309a1e2ebb8b986aeccf70122ee46d2cb4849e423f0c627"
url = "https://github.com/jqlang/jq/releases/download/jq-1.8.2/jq-windows-amd64.exe"
url_api = "https://api.github.com/repos/jqlang/jq/releases/assets/453012788"
provenance = "github-attestations"

[[tools.lefthook]]
version = "2.1.14"
backend = "aqua:evilmartians/lefthook"
specifiers = ["latest"]

[tools.lefthook."platforms.linux-arm64"]
checksum = "sha256:2fd4b1f33aab4e4c8691a1a6a750b0638a40bdef871234cacb33781615dbf7ba"
url = "https://github.com/evilmartians/lefthook/releases/download/v2.1.14/lefthook_2.1.14_Linux_aarch64.gz"
url_api = "https://api.github.com/repos/evilmartians/lefthook/releases/assets/563149908"
provenance = "github-attestations"

[tools.lefthook."platforms.linux-arm64-musl"]
checksum = "sha256:2fd4b1f33aab4e4c8691a1a6a750b0638a40bdef871234cacb33781615dbf7ba"
url = "https://github.com/evilmartians/lefthook/releases/download/v2.1.14/lefthook_2.1.14_Linux_aarch64.gz"
url_api = "https://api.github.com/repos/evilmartians/lefthook/releases/assets/563149908"
provenance = "github-attestations"

[tools.lefthook."platforms.linux-x64"]
checksum = "sha256:2be3187101b3a2edd5edf8b546aa2e3820531c517b4cd0216601a9c06f07c42d"
url = "https://github.com/evilmartians/lefthook/releases/download/v2.1.14/lefthook_2.1.14_Linux_x86_64.gz"
url_api = "https://api.github.com/repos/evilmartians/lefthook/releases/assets/563149839"
provenance = "github-attestations"

[tools.lefthook."platforms.linux-x64-musl"]
checksum = "sha256:2be3187101b3a2edd5edf8b546aa2e3820531c517b4cd0216601a9c06f07c42d"
url = "https://github.com/evilmartians/lefthook/releases/download/v2.1.14/lefthook_2.1.14_Linux_x86_64.gz"
url_api = "https://api.github.com/repos/evilmartians/lefthook/releases/assets/563149839"
provenance = "github-attestations"

[tools.lefthook."platforms.macos-arm64"]
checksum = "sha256:398e6a23dfe2de3fc113e091dd4b592795cc8f1665acf5501856858b8056d686"
url = "https://github.com/evilmartians/lefthook/releases/download/v2.1.14/lefthook_2.1.14_MacOS_arm64.gz"
url_api = "https://api.github.com/repos/evilmartians/lefthook/releases/assets/563149840"
provenance = "github-attestations"

[tools.lefthook."platforms.macos-x64"]
checksum = "sha256:9e304cad12b3785bf45ba6085fa6a91ed45f6ff6e7dabd50cb6834959caef06a"
url = "https://github.com/evilmartians/lefthook/releases/download/v2.1.14/lefthook_2.1.14_MacOS_x86_64.gz"
url_api = "https://api.github.com/repos/evilmartians/lefthook/releases/assets/563149898"
provenance = "github-attestations"

[tools.lefthook."platforms.windows-x64"]
checksum = "sha256:61a0f47c75c741fa2788aff55f85dfa0a34307257b176cb6b20fd821ae030454"
url = "https://github.com/evilmartians/lefthook/releases/download/v2.1.14/lefthook_2.1.14_Windows_x86_64.gz"
url_api = "https://api.github.com/repos/evilmartians/lefthook/releases/assets/563149872"
provenance = "github-attestations"

[[tools.pitchfork]]
version = "2.27.0"
backend = "packslip:github.com/jdx/pitchfork"
specifiers = ["2.27.0"]

[tools.pitchfork."platforms.linux-arm64"]
checksum = "sha256:14f7a5e758407e8306234cabb2dd3768670453d9078bcdec6cc4089dfd72d8ed"
url = "https://github.com/jdx/pitchfork/releases/download/v2.27.0/pitchfork-aarch64-unknown-linux-gnu.tar.gz"
signer = "sigstore-oidc:https://github.com/jdx/pitchfork/.github/workflows/release.yml"

[tools.pitchfork."platforms.linux-x64"]
checksum = "sha256:20d7f851e3baec00fd97d53b2f95a986287b959957f56195c6f7f8d504bbea6e"
url = "https://github.com/jdx/pitchfork/releases/download/v2.27.0/pitchfork-x86_64-unknown-linux-gnu.tar.gz"
signer = "sigstore-oidc:https://github.com/jdx/pitchfork/.github/workflows/release.yml"

[tools.pitchfork."platforms.macos-arm64"]
checksum = "sha256:77491f4d803039ae4cf346c292db62b9b5aad971cc0850413917ef92cf335901"
url = "https://github.com/jdx/pitchfork/releases/download/v2.27.0/pitchfork-aarch64-apple-darwin.tar.gz"
signer = "sigstore-oidc:https://github.com/jdx/pitchfork/.github/workflows/release.yml"

[tools.pitchfork."platforms.windows-x64"]
checksum = "sha256:ae9e0d7d52c9c85689b7a2c5f0d96c8ef89ed0dfb6da310832375e8e5cfd67ce"
url = "https://github.com/jdx/pitchfork/releases/download/v2.27.0/pitchfork-x86_64-pc-windows-msvc.zip"
signer = "sigstore-oidc:https://github.com/jdx/pitchfork/.github/workflows/release.yml"
